dependencies:
- name: postgresql
  repository: https://charts.bitnami.com/bitnami
  version: 9.1.1
- name: common
  repository: https://charts.bitnami.com/bitnami
  version: 0.x.x
digest: sha256:0d7f59ddc3b832bc60db7fe6acc20b51d3fbb83084d4f69eb32ca474800a435f
generated: "2020-10-19T14:01:26.8811468+03:00"
